lockVersion: 2.0.0
id: 11ad8014-c31a-4ff3-93d0-c3b351931da2
management:
  docChecksum: b3cde103f3a8cd2dc7100b66267790bb
  docVersion: 0.1.0
  speakeasyVersion: internal
  generationVersion: 2.231.0
  releaseVersion: 0.1.0
  configChecksum: d68a5de46173bfe8241eda46302ff84c
  repoURL: https://github.com/speakeasy-sdks/test-php.git
  repoSubDirectory: .
  installationURL: https://github.com/speakeasy-sdks/test-php
features:
  php:
    core: 3.3.0
    globalServerURLs: 2.82.1
    inputOutputModels: 2.83.0
generatedFiles:
  - src/SDKConfiguration.php
  - src/AcmeGo.php
  - src/AcmeGoBuilder.php
  - composer.json
  - phpstan.neon
  - src/Utils/EnumHandler.php
  - src/Utils/FormMetadata.php
  - src/Utils/Headers.php
  - src/Utils/JSON.php
  - src/Utils/MixedJSONHandler.php
  - src/Utils/MultipartMetadata.php
  - src/Utils/ParamsMetadata.php
  - src/Utils/PathParameters.php
  - src/Utils/QueryParameters.php
  - src/Utils/RequestBodies.php
  - src/Utils/RequestMetadata.php
  - src/Utils/Security.php
  - src/Utils/SecurityClient.php
  - src/Utils/SecurityMetadata.php
  - src/Utils/SpeakeasyMetadata.php
  - src/Utils/Utils.php
  - src/Models/Operations/CreateUserv1Response.php
  - src/Models/Operations/DeleteUserv1Request.php
  - src/Models/Operations/DeleteUserv1Response.php
  - src/Models/Operations/GetHealthResponse.php
  - src/Models/Operations/GetUserv1Request.php
  - src/Models/Operations/GetUserv1Response.php
  - src/Models/Operations/SearchUsersv1Response.php
  - src/Models/Operations/UpdateUserv1Request.php
  - src/Models/Operations/UpdateUserv1Response.php
  - src/Models/Components/User.php
  - src/Models/Components/Error.php
  - src/Models/Components/UserInput.php
  - src/Models/Components/Success.php
  - src/Models/Components/Users.php
  - src/Models/Components/Filters.php
  - src/Models/Components/Filter.php
  - docs/Models/Operations/CreateUserv1Response.md
  - docs/Models/Operations/DeleteUserv1Request.md
  - docs/Models/Operations/DeleteUserv1Response.md
  - docs/Models/Operations/GetHealthResponse.md
  - docs/Models/Operations/GetUserv1Request.md
  - docs/Models/Operations/GetUserv1Response.md
  - docs/Models/Operations/SearchUsersv1Response.md
  - docs/Models/Operations/UpdateUserv1Request.md
  - docs/Models/Operations/UpdateUserv1Response.md
  - docs/Models/Components/User.md
  - docs/Models/Components/Error.md
  - docs/Models/Components/UserInput.md
  - docs/Models/Components/Success.md
  - docs/Models/Components/Users.md
  - docs/Models/Components/Filters.md
  - docs/Models/Components/Filter.md
  - docs/sdks/acmego/README.md
  - USAGE.md
  - .gitattributes
